Microsoft Visual Studio Solution File, Format Version 12.00
# Visual Studio 15
VisualStudioVersion = 15.0.26124.0
MinimumVisualStudioVersion = 15.0.26124.0
Project("{9A19103F-16F7-4668-BE54-9A1E7A4F7556}") = "SerilogSandpit", "SerilogSandpit\SerilogSandpit.csproj", "{90D9AC3A-0874-45A5-A4FD-D34791E4FEAD}"
EndProject
Project("{9A19103F-16F7-4668-BE54-9A1E7A4F7556}") = "SerilogSandpit.Test", "SerilogSandpit.Test\SerilogSandpit.Test.csproj", "{2B2DC302-4F0F-4C11-8775-4FF219C37D9C}"
EndProject
Global
	GlobalSection(SolutionConfigurationPlatforms) = preSolution
		Debug|Any CPU = Debug|Any CPU
		Debug|x64 = Debug|x64
		Debug|x86 = Debug|x86
		Release|Any CPU = Release|Any CPU
		Release|x64 = Release|x64
		Release|x86 = Release|x86
	EndGlobalSection
	GlobalSection(ProjectConfigurationPlatforms) = postSolution
		{90D9AC3A-0874-45A5-A4FD-D34791E4FEAD}.Debug|Any CPU.ActiveCfg = Debug|Any CPU
		{90D9AC3A-0874-45A5-A4FD-D34791E4FEAD}.Debug|Any CPU.Build.0 = Debug|Any CPU
		{90D9AC3A-0874-45A5-A4FD-D34791E4FEAD}.Debug|x64.ActiveCfg = Debug|Any CPU
		{90D9AC3A-0874-45A5-A4FD-D34791E4FEAD}.Debug|x64.Build.0 = Debug|Any CPU
		{90D9AC3A-0874-45A5-A4FD-D34791E4FEAD}.Debug|x86.ActiveCfg = Debug|Any CPU
		{90D9AC3A-0874-45A5-A4FD-D34791E4FEAD}.Debug|x86.Build.0 = Debug|Any CPU
		{90D9AC3A-0874-45A5-A4FD-D34791E4FEAD}.Release|Any CPU.ActiveCfg = Release|Any CPU
		{90D9AC3A-0874-45A5-A4FD-D34791E4FEAD}.Release|Any CPU.Build.0 = Release|Any CPU
		{90D9AC3A-0874-45A5-A4FD-D34791E4FEAD}.Release|x64.ActiveCfg = Release|Any CPU
		{90D9AC3A-0874-45A5-A4FD-D34791E4FEAD}.Release|x64.Build.0 = Release|Any CPU
		{90D9AC3A-0874-45A5-A4FD-D34791E4FEAD}.Release|x86.ActiveCfg = Release|Any CPU
		{90D9AC3A-0874-45A5-A4FD-D34791E4FEAD}.Release|x86.Build.0 = Release|Any CPU
		{2B2DC302-4F0F-4C11-8775-4FF219C37D9C}.Debug|Any CPU.ActiveCfg = Debug|Any CPU
		{2B2DC302-4F0F-4C11-8775-4FF219C37D9C}.Debug|Any CPU.Build.0 = Debug|Any CPU
		{2B2DC302-4F0F-4C11-8775-4FF219C37D9C}.Debug|x64.ActiveCfg = Debug|Any CPU
		{2B2DC302-4F0F-4C11-8775-4FF219C37D9C}.Debug|x64.Build.0 = Debug|Any CPU
		{2B2DC302-4F0F-4C11-8775-4FF219C37D9C}.Debug|x86.ActiveCfg = Debug|Any CPU
		{2B2DC302-4F0F-4C11-8775-4FF219C37D9C}.Debug|x86.Build.0 = Debug|Any CPU
		{2B2DC302-4F0F-4C11-8775-4FF219C37D9C}.Release|Any CPU.ActiveCfg = Release|Any CPU
		{2B2DC302-4F0F-4C11-8775-4FF219C37D9C}.Release|Any CPU.Build.0 = Release|Any CPU
		{2B2DC302-4F0F-4C11-8775-4FF219C37D9C}.Release|x64.ActiveCfg = Release|Any CPU
		{2B2DC302-4F0F-4C11-8775-4FF219C37D9C}.Release|x64.Build.0 = Release|Any CPU
		{2B2DC302-4F0F-4C11-8775-4FF219C37D9C}.Release|x86.ActiveCfg = Release|Any CPU
		{2B2DC302-4F0F-4C11-8775-4FF219C37D9C}.Release|x86.Build.0 = Release|Any CPU
	EndGlobalSection
	GlobalSection(SolutionProperties) = preSolution
		HideSolutionNode = FALSE
	EndGlobalSection
	GlobalSection(ExtensibilityGlobals) = postSolution
		SolutionGuid = {0D2BF8EA-6D29-4D00-A5E1-13D1AC77F346}
	EndGlobalSection
EndGlobal
